
Microsoft Visual Studio Solution File, Format Version 11.00
# Visual Studio 2010
Project("{FAE04EC0-301F-11D3-BF4B-00C04F79EFBC}") = "Prj_Interfaz", "Prj_Interfaz\Prj_Interfaz.csproj", "{B0F32E28-EB23-4FE6-8EF3-D160A14A7F15}"
EndProject
Project("{FAE04EC0-301F-11D3-BF4B-00C04F79EFBC}") = "Prj_Datos", "Prj_Datos\Prj_Datos.csproj", "{447B0FC8-7934-47F7-AB79-227F0FD5EC9E}"
EndProject
Project("{FAE04EC0-301F-11D3-BF4B-00C04F79EFBC}") = "Prj_Trabajo", "Prj_Trabajo\Prj_Trabajo.csproj", "{4581C3AF-B3E4-4EF8-B51A-7524002AC93F}"
EndProject
Global
	GlobalSection(SolutionConfigurationPlatforms) = preSolution
		Debug|x86 = Debug|x86
		Release|x86 = Release|x86
	EndGlobalSection
	GlobalSection(ProjectConfigurationPlatforms) = postSolution
		{B0F32E28-EB23-4FE6-8EF3-D160A14A7F15}.Debug|x86.ActiveCfg = Debug|x86
		{B0F32E28-EB23-4FE6-8EF3-D160A14A7F15}.Debug|x86.Build.0 = Debug|x86
		{B0F32E28-EB23-4FE6-8EF3-D160A14A7F15}.Release|x86.ActiveCfg = Release|x86
		{B0F32E28-EB23-4FE6-8EF3-D160A14A7F15}.Release|x86.Build.0 = Release|x86
		{447B0FC8-7934-47F7-AB79-227F0FD5EC9E}.Debug|x86.ActiveCfg = Debug|x86
		{447B0FC8-7934-47F7-AB79-227F0FD5EC9E}.Debug|x86.Build.0 = Debug|x86
		{447B0FC8-7934-47F7-AB79-227F0FD5EC9E}.Release|x86.ActiveCfg = Release|x86
		{447B0FC8-7934-47F7-AB79-227F0FD5EC9E}.Release|x86.Build.0 = Release|x86
		{4581C3AF-B3E4-4EF8-B51A-7524002AC93F}.Debug|x86.ActiveCfg = Debug|x86
		{4581C3AF-B3E4-4EF8-B51A-7524002AC93F}.Debug|x86.Build.0 = Debug|x86
		{4581C3AF-B3E4-4EF8-B51A-7524002AC93F}.Release|x86.ActiveCfg = Release|x86
		{4581C3AF-B3E4-4EF8-B51A-7524002AC93F}.Release|x86.Build.0 = Release|x86
	EndGlobalSection
	GlobalSection(SolutionProperties) = preSolution
		HideSolutionNode = FALSE
	EndGlobalSection
EndGlobal
